// !$*UTF8*$!
{
	archiveVersion = 1;
	classes = {
	};
	objectVersion = 56;
	objects = {

/* Begin PBXBuildFile section */
		F93C7A2E29B9BBFA006C393B /* SecondDayView.swift in Sources */ = {isa = PBXBuildFile; fileRef = F93C7A2D29B9BBFA006C393B /* SecondDayView.swift */; };
		F93C7A3029B9CCF8006C393B /* ThirdDayView.swift in Sources */ = {isa = PBXBuildFile; fileRef = F93C7A2F29B9CCF8006C393B /* ThirdDayView.swift */; };
		F93C7A6B29BA8BA1006C393B /* scheda_a.json in Resources */ = {isa = PBXBuildFile; fileRef = F93C7A6A29BA8BA1006C393B /* scheda_a.json */; };
		F93C7A6F29BB1063006C393B /* scheda_b.json in Resources */ = {isa = PBXBuildFile; fileRef = F93C7A6E29BB1063006C393B /* scheda_b.json */; };
		F93C7A7129BB1631006C393B /* ExercisListView.swift in Sources */ = {isa = PBXBuildFile; fileRef = F93C7A7029BB1631006C393B /* ExercisListView.swift */; };
		F93C7A7329BB17D5006C393B /* scheda_c.json in Resources */ = {isa = PBXBuildFile; fileRef = F93C7A7229BB17D5006C393B /* scheda_c.json */; };
		F93C7A7529BB1EAE006C393B /* SchedaButtonView.swift in Sources */ = {isa = PBXBuildFile; fileRef = F93C7A7429BB1EAE006C393B /* SchedaButtonView.swift */; };
		F93C7AA629BB755A006C393B /* NetworkPackage in Frameworks */ = {isa = PBXBuildFile; productRef = F93C7AA529BB755A006C393B /* NetworkPackage */; };
		F93C7AA929BB77D0006C393B /* ColorPackage in Frameworks */ = {isa = PBXBuildFile; productRef = F93C7AA829BB77D0006C393B /* ColorPackage */; };
		F94405DF29B7241C00D60DDA /* iGymApp.swift in Sources */ = {isa = PBXBuildFile; fileRef = F94405DE29B7241C00D60DDA /* iGymApp.swift */; };
		F94405E129B7241C00D60DDA /* ContentView.swift in Sources */ = {isa = PBXBuildFile; fileRef = F94405E029B7241C00D60DDA /* ContentView.swift */; };
		F94405E329B7241F00D60DDA /* Assets.xcassets in Resources */ = {isa = PBXBuildFile; fileRef = F94405E229B7241F00D60DDA /* Assets.xcassets */; };
		F94405E629B7241F00D60DDA /* Preview Assets.xcassets in Resources */ = {isa = PBXBuildFile; fileRef = F94405E529B7241F00D60DDA /* Preview Assets.xcassets */; };
		F94405F029B7242000D60DDA /* iGymTests.swift in Sources */ = {isa = PBXBuildFile; fileRef = F94405EF29B7242000D60DDA /* iGymTests.swift */; };
		F94405FA29B7242000D60DDA /* iGymUITests.swift in Sources */ = {isa = PBXBuildFile; fileRef = F94405F929B7242000D60DDA /* iGymUITests.swift */; };
		F94405FC29B7242000D60DDA /* iGymUITestsLaunchTests.swift in Sources */ = {isa = PBXBuildFile; fileRef = F94405FB29B7242000D60DDA /* iGymUITestsLaunchTests.swift */; };
		F944060B29B7251B00D60DDA /* FirstDayView.swift in Sources */ = {isa = PBXBuildFile; fileRef = F944060A29B7251B00D60DDA /* FirstDayView.swift */; };
		F9DC3A5529BE40D000BB2AA3 /* DetailController.swift in Sources */ = {isa = PBXBuildFile; fileRef = F9DC3A5429BE40D000BB2AA3 /* DetailController.swift */; };
		F9DC3A5829BE410400BB2AA3 /* Scheda.swift in Sources */ = {isa = PBXBuildFile; fileRef = F9DC3A5729BE410400BB2AA3 /* Scheda.swift */; };
		F9DC3A5A29BE411400BB2AA3 /* Esercizio.swift in Sources */ = {isa = PBXBuildFile; fileRef = F9DC3A5929BE411400BB2AA3 /* Esercizio.swift */; };
		F9DC3A5E29BE441C00BB2AA3 /* DetailView.swift in Sources */ = {isa = PBXBuildFile; fileRef = F9DC3A5D29BE441C00BB2AA3 /* DetailView.swift */; };
		F9DC3A6029BE492B00BB2AA3 /* CounterView.swift in Sources */ = {isa = PBXBuildFile; fileRef = F9DC3A5F29BE492B00BB2AA3 /* CounterView.swift */; };
		F9DC3A6229BE576000BB2AA3 /* RiposoButtonView.swift in Sources */ = {isa = PBXBuildFile; fileRef = F9DC3A6129BE576000BB2AA3 /* RiposoButtonView.swift */; };
		F9DC3A7129BF631000BB2AA3 /* GymModel.xcdatamodeld in Sources */ = {isa = PBXBuildFile; fileRef = F9DC3A6F29BF631000BB2AA3 /* GymModel.xcdatamodeld */; };
		F9DC3A9D29C1F3E000BB2AA3 /* DataController.swift in Sources */ = {isa = PBXBuildFile; fileRef = F9DC3A9C29C1F3E000BB2AA3 /* DataController.swift */; };
		F9DC3A9F29C1F58700BB2AA3 /* EditRepetitionView.swift in Sources */ = {isa = PBXBuildFile; fileRef = F9DC3A9E29C1F58700BB2AA3 /* EditRepetitionView.swift */; };
		F9DC3AA129C1F96800BB2AA3 /* AddRepetitionView.swift in Sources */ = {isa = PBXBuildFile; fileRef = F9DC3AA029C1F96800BB2AA3 /* AddRepetitionView.swift */; };
/* End PBXBuildFile section */

/* Begin PBXContainerItemProxy section */
		F94405EC29B7242000D60DDA /* PBXContainerItemProxy */ = {
			isa = PBXContainerItemProxy;
			containerPortal = F94405D329B7241C00D60DDA /* Project object */;
			proxyType = 1;
			remoteGlobalIDString = F94405DA29B7241C00D60DDA;
			remoteInfo = iGym;
		};
		F94405F629B7242000D60DDA /* PBXContainerItemProxy */ = {
			isa = PBXContainerItemProxy;
			containerPortal = F94405D329B7241C00D60DDA /* Project object */;
			proxyType = 1;
			remoteGlobalIDString = F94405DA29B7241C00D60DDA;
			remoteInfo = iGym;
		};
/* End PBXContainerItemProxy section */

/* Begin PBXFileReference section */
		F93C7A2D29B9BBFA006C393B /* SecondDayView.swift */ = {isa = PBXFileReference; lastKnownFileType = sourcecode.swift; path = SecondDayView.swift; sourceTree = "<group>"; };
		F93C7A2F29B9CCF8006C393B /* ThirdDayView.swift */ = {isa = PBXFileReference; lastKnownFileType = sourcecode.swift; path = ThirdDayView.swift; sourceTree = "<group>"; };
		F93C7A6A29BA8BA1006C393B /* scheda_a.json */ = {isa = PBXFileReference; lastKnownFileType = text.json; path = scheda_a.json; sourceTree = "<group>"; };
		F93C7A6E29BB1063006C393B /* scheda_b.json */ = {isa = PBXFileReference; lastKnownFileType = text.json; path = scheda_b.json; sourceTree = "<group>"; };
		F93C7A7029BB1631006C393B /* ExercisListView.swift */ = {isa = PBXFileReference; lastKnownFileType = sourcecode.swift; path = ExercisListView.swift; sourceTree = "<group>"; };
		F93C7A7229BB17D5006C393B /* scheda_c.json */ = {isa = PBXFileReference; lastKnownFileType = text.json; path = scheda_c.json; sourceTree = "<group>"; };
		F93C7A7429BB1EAE006C393B /* SchedaButtonView.swift */ = {isa = PBXFileReference; lastKnownFileType = sourcecode.swift; path = SchedaButtonView.swift; sourceTree = "<group>"; };
		F94405DB29B7241C00D60DDA /* iGym.app */ = {isa = PBXFileReference; explicitFileType = wrapper.application; includeInIndex = 0; path = iGym.app; sourceTree = BUILT_PRODUCTS_DIR; };
		F94405DE29B7241C00D60DDA /* iGymApp.swift */ = {isa = PBXFileReference; lastKnownFileType = sourcecode.swift; path = iGymApp.swift; sourceTree = "<group>"; };
		F94405E029B7241C00D60DDA /* ContentView.swift */ = {isa = PBXFileReference; lastKnownFileType = sourcecode.swift; path = ContentView.swift; sourceTree = "<group>"; };
		F94405E229B7241F00D60DDA /* Assets.xcassets */ = {isa = PBXFileReference; lastKnownFileType = folder.assetcatalog; path = Assets.xcassets; sourceTree = "<group>"; };
		F94405E529B7241F00D60DDA /* Preview Assets.xcassets */ = {isa = PBXFileReference; lastKnownFileType = folder.assetcatalog; path = "Preview Assets.xcassets"; sourceTree = "<group>"; };
		F94405EB29B7242000D60DDA /* iGymTests.xctest */ = {isa = PBXFileReference; explicitFileType = wrapper.cfbundle; includeInIndex = 0; path = iGymTests.xctest; sourceTree = BUILT_PRODUCTS_DIR; };
		F94405EF29B7242000D60DDA /* iGymTests.swift */ = {isa = PBXFileReference; lastKnownFileType = sourcecode.swift; path = iGymTests.swift; sourceTree = "<group>"; };
		F94405F529B7242000D60DDA /* iGymUITests.xctest */ = {isa = PBXFileReference; explicitFileType = wrapper.cfbundle; includeInIndex = 0; path = iGymUITests.xctest; sourceTree = BUILT_PRODUCTS_DIR; };
		F94405F929B7242000D60DDA /* iGymUITests.swift */ = {isa = PBXFileReference; lastKnownFileType = sourcecode.swift; path = iGymUITests.swift; sourceTree = "<group>"; };
		F94405FB29B7242000D60DDA /* iGymUITestsLaunchTests.swift */ = {isa = PBXFileReference; lastKnownFileType = sourcecode.swift; path = iGymUITestsLaunchTests.swift; sourceTree = "<group>"; };
		F944060A29B7251B00D60DDA /* FirstDayView.swift */ = {isa = PBXFileReference; lastKnownFileType = sourcecode.swift; path = FirstDayView.swift; sourceTree = "<group>"; };
		F9DC3A5429BE40D000BB2AA3 /* DetailController.swift */ = {isa = PBXFileReference; lastKnownFileType = sourcecode.swift; path = DetailController.swift; sourceTree = "<group>"; };
		F9DC3A5729BE410400BB2AA3 /* Scheda.swift */ = {isa = PBXFileReference; lastKnownFileType = sourcecode.swift; path = Scheda.swift; sourceTree = "<group>"; };
		F9DC3A5929BE411400BB2AA3 /* Esercizio.swift */ = {isa = PBXFileReference; lastKnownFileType = sourcecode.swift; path = Esercizio.swift; sourceTree = "<group>"; };
		F9DC3A5D29BE441C00BB2AA3 /* DetailView.swift */ = {isa = PBXFileReference; lastKnownFileType = sourcecode.swift; path = DetailView.swift; sourceTree = "<group>"; };
		F9DC3A5F29BE492B00BB2AA3 /* CounterView.swift */ = {isa = PBXFileReference; lastKnownFileType = sourcecode.swift; path = CounterView.swift; sourceTree = "<group>"; };
		F9DC3A6129BE576000BB2AA3 /* RiposoButtonView.swift */ = {isa = PBXFileReference; lastKnownFileType = sourcecode.swift; path = RiposoButtonView.swift; sourceTree = "<group>"; };
		F9DC3A7029BF631000BB2AA3 /* GymModel.xcdatamodel */ = {isa = PBXFileReference; lastKnownFileType = wrapper.xcdatamodel; path = GymModel.xcdatamodel; sourceTree = "<group>"; };
		F9DC3A9C29C1F3E000BB2AA3 /* DataController.swift */ = {isa = PBXFileReference; lastKnownFileType = sourcecode.swift; path = DataController.swift; sourceTree = "<group>"; };
		F9DC3A9E29C1F58700BB2AA3 /* EditRepetitionView.swift */ = {isa = PBXFileReference; lastKnownFileType = sourcecode.swift; path = EditRepetitionView.swift; sourceTree = "<group>"; };
		F9DC3AA029C1F96800BB2AA3 /* AddRepetitionView.swift */ = {isa = PBXFileReference; lastKnownFileType = sourcecode.swift; path = AddRepetitionView.swift; sourceTree = "<group>"; };
/* End PBXFileReference section */

/* Begin PBXFrameworksBuildPhase section */
		F94405D829B7241C00D60DDA /* Frameworks */ = {
			isa = PBXFrameworksBuildPhase;
			buildActionMask = 2147483647;
			files = (
				F93C7AA629BB755A006C393B /* NetworkPackage in Frameworks */,
				F93C7AA929BB77D0006C393B /* ColorPackage in Frameworks */,
			);
			runOnlyForDeploymentPostprocessing = 0;
		};
		F94405E829B7242000D60DDA /* Frameworks */ = {
			isa = PBXFrameworksBuildPhase;
			buildActionMask = 2147483647;
			files = (
			);
			runOnlyForDeploymentPostprocessing = 0;
		};
		F94405F229B7242000D60DDA /* Frameworks */ = {
			isa = PBXFrameworksBuildPhase;
			buildActionMask = 2147483647;
			files = (
			);
			runOnlyForDeploymentPostprocessing = 0;
		};
/* End PBXFrameworksBuildPhase section */

/* Begin PBXGroup section */
		F93C7A6929BA8B69006C393B /* resource */ = {
			isa = PBXGroup;
			children = (
				F93C7A6A29BA8BA1006C393B /* scheda_a.json */,
				F93C7A6E29BB1063006C393B /* scheda_b.json */,
				F93C7A7229BB17D5006C393B /* scheda_c.json */,
			);
			path = resource;
			sourceTree = "<group>";
		};
		F94405D229B7241C00D60DDA = {
			isa = PBXGroup;
			children = (
				F94405DD29B7241C00D60DDA /* iGym */,
				F94405EE29B7242000D60DDA /* iGymTests */,
				F94405F829B7242000D60DDA /* iGymUITests */,
				F94405DC29B7241C00D60DDA /* Products */,
			);
			sourceTree = "<group>";
		};
		F94405DC29B7241C00D60DDA /* Products */ = {
			isa = PBXGroup;
			children = (
				F94405DB29B7241C00D60DDA /* iGym.app */,
				F94405EB29B7242000D60DDA /* iGymTests.xctest */,
				F94405F529B7242000D60DDA /* iGymUITests.xctest */,
			);
			name = Products;
			sourceTree = "<group>";
		};
		F94405DD29B7241C00D60DDA /* iGym */ = {
			isa = PBXGroup;
			children = (
				F9DC3A6A29BF06AF00BB2AA3 /* DataModel */,
				F9DC3A5629BE40F800BB2AA3 /* model */,
				F9DC3A5329BE40B200BB2AA3 /* controller */,
				F93C7A6929BA8B69006C393B /* resource */,
				F944060829B724F400D60DDA /* view */,
				F94405DE29B7241C00D60DDA /* iGymApp.swift */,
				F94405E229B7241F00D60DDA /* Assets.xcassets */,
				F94405E429B7241F00D60DDA /* Preview Content */,
			);
			path = iGym;
			sourceTree = "<group>";
		};
		F94405E429B7241F00D60DDA /* Preview Content */ = {
			isa = PBXGroup;
			children = (
				F94405E529B7241F00D60DDA /* Preview Assets.xcassets */,
			);
			path = "Preview Content";
			sourceTree = "<group>";
		};
		F94405EE29B7242000D60DDA /* iGymTests */ = {
			isa = PBXGroup;
			children = (
				F94405EF29B7242000D60DDA /* iGymTests.swift */,
			);
			path = iGymTests;
			sourceTree = "<group>";
		};
		F94405F829B7242000D60DDA /* iGymUITests */ = {
			isa = PBXGroup;
			children = (
				F94405F929B7242000D60DDA /* iGymUITests.swift */,
				F94405FB29B7242000D60DDA /* iGymUITestsLaunchTests.swift */,
			);
			path = iGymUITests;
			sourceTree = "<group>";
		};
		F944060829B724F400D60DDA /* view */ = {
			isa = PBXGroup;
			children = (
				F94405E029B7241C00D60DDA /* ContentView.swift */,
				F944060929B7250B00D60DDA /* home */,
				F9DC3A5B29BE416200BB2AA3 /* schede */,
				F9DC3A5C29BE440200BB2AA3 /* detail */,
			);
			path = view;
			sourceTree = "<group>";
		};
		F944060929B7250B00D60DDA /* home */ = {
			isa = PBXGroup;
			children = (
				F93C7A7429BB1EAE006C393B /* SchedaButtonView.swift */,
			);
			path = home;
			sourceTree = "<group>";
		};
		F9DC3A5329BE40B200BB2AA3 /* controller */ = {
			isa = PBXGroup;
			children = (
				F9DC3A5429BE40D000BB2AA3 /* DetailController.swift */,
			);
			path = controller;
			sourceTree = "<group>";
		};
		F9DC3A5629BE40F800BB2AA3 /* model */ = {
			isa = PBXGroup;
			children = (
				F9DC3A5729BE410400BB2AA3 /* Scheda.swift */,
				F9DC3A5929BE411400BB2AA3 /* Esercizio.swift */,
			);
			path = model;
			sourceTree = "<group>";
		};
		F9DC3A5B29BE416200BB2AA3 /* schede */ = {
			isa = PBXGroup;
			children = (
				F93C7A7029BB1631006C393B /* ExercisListView.swift */,
				F944060A29B7251B00D60DDA /* FirstDayView.swift */,
				F93C7A2D29B9BBFA006C393B /* SecondDayView.swift */,
				F93C7A2F29B9CCF8006C393B /* ThirdDayView.swift */,
			);
			path = schede;
			sourceTree = "<group>";
		};
		F9DC3A5C29BE440200BB2AA3 /* detail */ = {
			isa = PBXGroup;
			children = (
				F9DC3A5D29BE441C00BB2AA3 /* DetailView.swift */,
				F9DC3A5F29BE492B00BB2AA3 /* CounterView.swift */,
				F9DC3A6129BE576000BB2AA3 /* RiposoButtonView.swift */,
				F9DC3A9E29C1F58700BB2AA3 /* EditRepetitionView.swift */,
				F9DC3AA029C1F96800BB2AA3 /* AddRepetitionView.swift */,
			);
			path = detail;
			sourceTree = "<group>";
		};
		F9DC3A6A29BF06AF00BB2AA3 /* DataModel */ = {
			isa = PBXGroup;
			children = (
				F9DC3A6F29BF631000BB2AA3 /* GymModel.xcdatamodeld */,
				F9DC3A9C29C1F3E000BB2AA3 /* DataController.swift */,
			);
			path = DataModel;
			sourceTree = "<group>";
		};
/* End PBXGroup section */

/* Begin PBXNativeTarget section */
		F94405DA29B7241C00D60DDA /* iGym */ = {
			isa = PBXNativeTarget;
			buildConfigurationList = F94405FF29B7242000D60DDA /* Build configuration list for PBXNativeTarget "iGym" */;
			buildPhases = (
				F94405D729B7241C00D60DDA /* Sources */,
				F94405D829B7241C00D60DDA /* Frameworks */,
				F94405D929B7241C00D60DDA /* Resources */,
			);
			buildRules = (
			);
			dependencies = (
			);
			name = iGym;
			packageProductDependencies = (
				F93C7AA529BB755A006C393B /* NetworkPackage */,
				F93C7AA829BB77D0006C393B /* ColorPackage */,
			);
			productName = iGym;
			productReference = F94405DB29B7241C00D60DDA /* iGym.app */;
			productType = "com.apple.product-type.application";
		};
		F94405EA29B7242000D60DDA /* iGymTests */ = {
			isa = PBXNativeTarget;
			buildConfigurationList = F944060229B7242000D60DDA /* Build configuration list for PBXNativeTarget "iGymTests" */;
			buildPhases = (
				F94405E729B7242000D60DDA /* Sources */,
				F94405E829B7242000D60DDA /* Frameworks */,
				F94405E929B7242000D60DDA /* Resources */,
			);
			buildRules = (
			);
			dependencies = (
				F94405ED29B7242000D60DDA /* PBXTargetDependency */,
			);
			name = iGymTests;
			productName = iGymTests;
			productReference = F94405EB29B7242000D60DDA /* iGymTests.xctest */;
			productType = "com.apple.product-type.bundle.unit-test";
		};
		F94405F429B7242000D60DDA /* iGymUITests */ = {
			isa = PBXNativeTarget;
			buildConfigurationList = F944060529B7242000D60DDA /* Build configuration list for PBXNativeTarget "iGymUITests" */;
			buildPhases = (
				F94405F129B7242000D60DDA /* Sources */,
				F94405F229B7242000D60DDA /* Frameworks */,
				F94405F329B7242000D60DDA /* Resources */,
			);
			buildRules = (
			);
			dependencies = (
				F94405F729B7242000D60DDA /* PBXTargetDependency */,
			);
			name = iGymUITests;
			productName = iGymUITests;
			productReference = F94405F529B7242000D60DDA /* iGymUITests.xctest */;
			productType = "com.apple.product-type.bundle.ui-testing";
		};
/* End PBXNativeTarget section */

/* Begin PBXProject section */
		F94405D329B7241C00D60DDA /* Project object */ = {
			isa = PBXProject;
			attributes = {
				BuildIndependentTargetsInParallel = 1;
				LastSwiftUpdateCheck = 1420;
				LastUpgradeCheck = 1420;
				TargetAttributes = {
					F94405DA29B7241C00D60DDA = {
						CreatedOnToolsVersion = 14.2;
					};
					F94405EA29B7242000D60DDA = {
						CreatedOnToolsVersion = 14.2;
						TestTargetID = F94405DA29B7241C00D60DDA;
					};
					F94405F429B7242000D60DDA = {
						CreatedOnToolsVersion = 14.2;
						TestTargetID = F94405DA29B7241C00D60DDA;
					};
				};
			};
			buildConfigurationList = F94405D629B7241C00D60DDA /* Build configuration list for PBXProject "iGym" */;
			compatibilityVersion = "Xcode 14.0";
			developmentRegion = en;
			hasScannedForEncodings = 0;
			knownRegions = (
				en,
				Base,
			);
			mainGroup = F94405D229B7241C00D60DDA;
			packageReferences = (
				F93C7AA429BB755A006C393B /* XCRemoteSwiftPackageReference "NetworkPackage" */,
				F93C7AA729BB77D0006C393B /* XCRemoteSwiftPackageReference "ColorPackage" */,
			);
			productRefGroup = F94405DC29B7241C00D60DDA /* Products */;
			projectDirPath = "";
			projectRoot = "";
			targets = (
				F94405DA29B7241C00D60DDA /* iGym */,
				F94405EA29B7242000D60DDA /* iGymTests */,
				F94405F429B7242000D60DDA /* iGymUITests */,
			);
		};
/* End PBXProject section */

/* Begin PBXResourcesBuildPhase section */
		F94405D929B7241C00D60DDA /* Resources */ = {
			isa = PBXResourcesBuildPhase;
			buildActionMask = 2147483647;
			files = (
				F93C7A7329BB17D5006C393B /* scheda_c.json in Resources */,
				F93C7A6B29BA8BA1006C393B /* scheda_a.json in Resources */,
				F94405E629B7241F00D60DDA /* Preview Assets.xcassets in Resources */,
				F94405E329B7241F00D60DDA /* Assets.xcassets in Resources */,
				F93C7A6F29BB1063006C393B /* scheda_b.json in Resources */,
			);
			runOnlyForDeploymentPostprocessing = 0;
		};
		F94405E929B7242000D60DDA /* Resources */ = {
			isa = PBXResourcesBuildPhase;
			buildActionMask = 2147483647;
			files = (
			);
			runOnlyForDeploymentPostprocessing = 0;
		};
		F94405F329B7242000D60DDA /* Resources */ = {
			isa = PBXResourcesBuildPhase;
			buildActionMask = 2147483647;
			files = (
			);
			runOnlyForDeploymentPostprocessing = 0;
		};
/* End PBXResourcesBuildPhase section */

/* Begin PBXSourcesBuildPhase section */
		F94405D729B7241C00D60DDA /* Sources */ = {
			isa = PBXSourcesBuildPhase;
			buildActionMask = 2147483647;
			files = (
				F9DC3A5529BE40D000BB2AA3 /* DetailController.swift in Sources */,
				F944060B29B7251B00D60DDA /* FirstDayView.swift in Sources */,
				F94405E129B7241C00D60DDA /* ContentView.swift in Sources */,
				F9DC3A5A29BE411400BB2AA3 /* Esercizio.swift in Sources */,
				F93C7A7129BB1631006C393B /* ExercisListView.swift in Sources */,
				F9DC3A5E29BE441C00BB2AA3 /* DetailView.swift in Sources */,
				F93C7A2E29B9BBFA006C393B /* SecondDayView.swift in Sources */,
				F9DC3AA129C1F96800BB2AA3 /* AddRepetitionView.swift in Sources */,
				F9DC3A9F29C1F58700BB2AA3 /* EditRepetitionView.swift in Sources */,
				F9DC3A5829BE410400BB2AA3 /* Scheda.swift in Sources */,
				F94405DF29B7241C00D60DDA /* iGymApp.swift in Sources */,
				F93C7A7529BB1EAE006C393B /* SchedaButtonView.swift in Sources */,
				F93C7A3029B9CCF8006C393B /* ThirdDayView.swift in Sources */,
				F9DC3A9D29C1F3E000BB2AA3 /* DataController.swift in Sources */,
				F9DC3A6029BE492B00BB2AA3 /* CounterView.swift in Sources */,
				F9DC3A7129BF631000BB2AA3 /* GymModel.xcdatamodeld in Sources */,
				F9DC3A6229BE576000BB2AA3 /* RiposoButtonView.swift in Sources */,
			);
			runOnlyForDeploymentPostprocessing = 0;
		};
		F94405E729B7242000D60DDA /* Sources */ = {
			isa = PBXSourcesBuildPhase;
			buildActionMask = 2147483647;
			files = (
				F94405F029B7242000D60DDA /* iGymTests.swift in Sources */,
			);
			runOnlyForDeploymentPostprocessing = 0;
		};
		F94405F129B7242000D60DDA /* Sources */ = {
			isa = PBXSourcesBuildPhase;
			buildActionMask = 2147483647;
			files = (
				F94405FC29B7242000D60DDA /* iGymUITestsLaunchTests.swift in Sources */,
				F94405FA29B7242000D60DDA /* iGymUITests.swift in Sources */,
			);
			runOnlyForDeploymentPostprocessing = 0;
		};
/* End PBXSourcesBuildPhase section */

/* Begin PBXTargetDependency section */
		F94405ED29B7242000D60DDA /* PBXTargetDependency */ = {
			isa = PBXTargetDependency;
			target = F94405DA29B7241C00D60DDA /* iGym */;
			targetProxy = F94405EC29B7242000D60DDA /* PBXContainerItemProxy */;
		};
		F94405F729B7242000D60DDA /* PBXTargetDependency */ = {
			isa = PBXTargetDependency;
			target = F94405DA29B7241C00D60DDA /* iGym */;
			targetProxy = F94405F629B7242000D60DDA /* PBXContainerItemProxy */;
		};
/* End PBXTargetDependency section */

/* Begin XCBuildConfiguration section */
		F94405FD29B7242000D60DDA /* Debug */ = {
			isa = XCBuildConfiguration;
			buildSettings = {
				ALWAYS_SEARCH_USER_PATHS = NO;
				CLANG_ANALYZER_NONNULL = YES;
				CLANG_ANALYZER_NUMBER_OBJECT_CONVERSION = YES_AGGRESSIVE;
				CLANG_CXX_LANGUAGE_STANDARD = "gnu++20";
				CLANG_ENABLE_MODULES = YES;
				CLANG_ENABLE_OBJC_ARC = YES;
				CLANG_ENABLE_OBJC_WEAK = YES;
				CLANG_WARN_BLOCK_CAPTURE_AUTORELEASING = YES;
				CLANG_WARN_BOOL_CONVERSION = YES;
				CLANG_WARN_COMMA = YES;
				CLANG_WARN_CONSTANT_CONVERSION = YES;
				CLANG_WARN_DEPRECATED_OBJC_IMPLEMENTATIONS = YES;
				CLANG_WARN_DIRECT_OBJC_ISA_USAGE = YES_ERROR;
				CLANG_WARN_DOCUMENTATION_COMMENTS = YES;
				CLANG_WARN_EMPTY_BODY = YES;
				CLANG_WARN_ENUM_CONVERSION = YES;
				CLANG_WARN_INFINITE_RECURSION = YES;
				CLANG_WARN_INT_CONVERSION = YES;
				CLANG_WARN_NON_LITERAL_NULL_CONVERSION = YES;
				CLANG_WARN_OBJC_IMPLICIT_RETAIN_SELF = YES;
				CLANG_WARN_OBJC_LITERAL_CONVERSION = YES;
				CLANG_WARN_OBJC_ROOT_CLASS = YES_ERROR;
				CLANG_WARN_QUOTED_INCLUDE_IN_FRAMEWORK_HEADER = YES;
				CLANG_WARN_RANGE_LOOP_ANALYSIS = YES;
				CLANG_WARN_STRICT_PROTOTYPES = YES;
				CLANG_WARN_SUSPICIOUS_MOVE = YES;
				CLANG_WARN_UNGUARDED_AVAILABILITY = YES_AGGRESSIVE;
				CLANG_WARN_UNREACHABLE_CODE = YES;
				CLANG_WARN__DUPLICATE_METHOD_MATCH = YES;
				COPY_PHASE_STRIP = NO;
				DEBUG_INFORMATION_FORMAT = dwarf;
				ENABLE_STRICT_OBJC_MSGSEND = YES;
				ENABLE_TESTABILITY = YES;
				GCC_C_LANGUAGE_STANDARD = gnu11;
				GCC_DYNAMIC_NO_PIC = NO;
				GCC_NO_COMMON_BLOCKS = YES;
				GCC_OPTIMIZATION_LEVEL = 0;
				GCC_PREPROCESSOR_DEFINITIONS = (
					"DEBUG=1",
					"$(inherited)",
				);
				GCC_WARN_64_TO_32_BIT_CONVERSION = YES;
				GCC_WARN_ABOUT_RETURN_TYPE = YES_ERROR;
				GCC_WARN_UNDECLARED_SELECTOR = YES;
				GCC_WARN_UNINITIALIZED_AUTOS = YES_AGGRESSIVE;
				GCC_WARN_UNUSED_FUNCTION = YES;
				GCC_WARN_UNUSED_VARIABLE = YES;
				IPHONEOS_DEPLOYMENT_TARGET = 16.2;
				MTL_ENABLE_DEBUG_INFO = INCLUDE_SOURCE;
				MTL_FAST_MATH = YES;
				ONLY_ACTIVE_ARCH = YES;
				SDKROOT = iphoneos;
				SWIFT_ACTIVE_COMPILATION_CONDITIONS = DEBUG;
				SWIFT_OPTIMIZATION_LEVEL = "-Onone";
			};
			name = Debug;
		};
		F94405FE29B7242000D60DDA /* Release */ = {
			isa = XCBuildConfiguration;
			buildSettings = {
				ALWAYS_SEARCH_USER_PATHS = NO;
				CLANG_ANALYZER_NONNULL = YES;
				CLANG_ANALYZER_NUMBER_OBJECT_CONVERSION = YES_AGGRESSIVE;
				CLANG_CXX_LANGUAGE_STANDARD = "gnu++20";
				CLANG_ENABLE_MODULES = YES;
				CLANG_ENABLE_OBJC_ARC = YES;
				CLANG_ENABLE_OBJC_WEAK = YES;
				CLANG_WARN_BLOCK_CAPTURE_AUTORELEASING = YES;
				CLANG_WARN_BOOL_CONVERSION = YES;
				CLANG_WARN_COMMA = YES;
				CLANG_WARN_CONSTANT_CONVERSION = YES;
				CLANG_WARN_DEPRECATED_OBJC_IMPLEMENTATIONS = YES;
				CLANG_WARN_DIRECT_OBJC_ISA_USAGE = YES_ERROR;
				CLANG_WARN_DOCUMENTATION_COMMENTS = YES;
				CLANG_WARN_EMPTY_BODY = YES;
				CLANG_WARN_ENUM_CONVERSION = YES;
				CLANG_WARN_INFINITE_RECURSION = YES;
				CLANG_WARN_INT_CONVERSION = YES;
				CLANG_WARN_NON_LITERAL_NULL_CONVERSION = YES;
				CLANG_WARN_OBJC_IMPLICIT_RETAIN_SELF = YES;
				CLANG_WARN_OBJC_LITERAL_CONVERSION = YES;
				CLANG_WARN_OBJC_ROOT_CLASS = YES_ERROR;
				CLANG_WARN_QUOTED_INCLUDE_IN_FRAMEWORK_HEADER = YES;
				CLANG_WARN_RANGE_LOOP_ANALYSIS = YES;
				CLANG_WARN_STRICT_PROTOTYPES = YES;
				CLANG_WARN_SUSPICIOUS_MOVE = YES;
				CLANG_WARN_UNGUARDED_AVAILABILITY = YES_AGGRESSIVE;
				CLANG_WARN_UNREACHABLE_CODE = YES;
				CLANG_WARN__DUPLICATE_METHOD_MATCH = YES;
				COPY_PHASE_STRIP = NO;
				DEBUG_INFORMATION_FORMAT = "dwarf-with-dsym";
				ENABLE_NS_ASSERTIONS = NO;
				ENABLE_STRICT_OBJC_MSGSEND = YES;
				GCC_C_LANGUAGE_STANDARD = gnu11;
				GCC_NO_COMMON_BLOCKS = YES;
				GCC_WARN_64_TO_32_BIT_CONVERSION = YES;
				GCC_WARN_ABOUT_RETURN_TYPE = YES_ERROR;
				GCC_WARN_UNDECLARED_SELECTOR = YES;
				GCC_WARN_UNINITIALIZED_AUTOS = YES_AGGRESSIVE;
				GCC_WARN_UNUSED_FUNCTION = YES;
				GCC_WARN_UNUSED_VARIABLE = YES;
				IPHONEOS_DEPLOYMENT_TARGET = 16.2;
				MTL_ENABLE_DEBUG_INFO = NO;
				MTL_FAST_MATH = YES;
				SDKROOT = iphoneos;
				SWIFT_COMPILATION_MODE = wholemodule;
				SWIFT_OPTIMIZATION_LEVEL = "-O";
				VALIDATE_PRODUCT = YES;
			};
			name = Release;
		};
		F944060029B7242000D60DDA /* Debug */ = {
			isa = XCBuildConfiguration;
			buildSettings = {
				ASSETCATALOG_COMPILER_APPICON_NAME = AppIcon;
				ASSETCATALOG_COMPILER_GLOBAL_ACCENT_COLOR_NAME = AccentColor;
				CODE_SIGN_STYLE = Automatic;
				CURRENT_PROJECT_VERSION = 1;
				DEVELOPMENT_ASSET_PATHS = "\"iGym/Preview Content\"";
				DEVELOPMENT_TEAM = 2DMW5G3LV8;
				ENABLE_PREVIEWS = YES;
				GENERATE_INFOPLIST_FILE = YES;
				INFOPLIST_KEY_UIApplicationSceneManifest_Generation = YES;
				INFOPLIST_KEY_UIApplicationSupportsIndirectInputEvents = YES;
				INFOPLIST_KEY_UILaunchScreen_Generation = YES;
				INFOPLIST_KEY_UIStatusBarStyle = UIStatusBarStyleDarkContent;
				INFOPLIST_KEY_UISupportedInterfaceOrientations = UIInterfaceOrientationPortrait;
				INFOPLIST_KEY_UISupportedInterfaceOrientations_iPad = "UIInterfaceOrientationLandscapeLeft UIInterfaceOrientationLandscapeRight UIInterfaceOrientationPortrait UIInterfaceOrientationPortraitUpsideDown";
				LD_RUNPATH_SEARCH_PATHS = (
					"$(inherited)",
					"@executable_path/Frameworks",
				);
				MARKETING_VERSION = 1.0;
				PRODUCT_BUNDLE_IDENTIFIER = spritelab.iGym;
				PRODUCT_NAME = "$(TARGET_NAME)";
				SUPPORTED_PLATFORMS = "iphoneos iphonesimulator";
				SUPPORTS_MACCATALYST = NO;
				SUPPORTS_MAC_DESIGNED_FOR_IPHONE_IPAD = NO;
				SWIFT_EMIT_LOC_STRINGS = YES;
				SWIFT_VERSION = 5.0;
				TARGETED_DEVICE_FAMILY = 1;
			};
			name = Debug;
		};
		F944060129B7242000D60DDA /* Release */ = {
			isa = XCBuildConfiguration;
			buildSettings = {
				ASSETCATALOG_COMPILER_APPICON_NAME = AppIcon;
				ASSETCATALOG_COMPILER_GLOBAL_ACCENT_COLOR_NAME = AccentColor;
				CODE_SIGN_STYLE = Automatic;
				CURRENT_PROJECT_VERSION = 1;
				DEVELOPMENT_ASSET_PATHS = "\"iGym/Preview Content\"";
				DEVELOPMENT_TEAM = 2DMW5G3LV8;
				ENABLE_PREVIEWS = YES;
				GENERATE_INFOPLIST_FILE = YES;
				INFOPLIST_KEY_UIApplicationSceneManifest_Generation = YES;
				INFOPLIST_KEY_UIApplicationSupportsIndirectInputEvents = YES;
				INFOPLIST_KEY_UILaunchScreen_Generation = YES;
				INFOPLIST_KEY_UIStatusBarStyle = UIStatusBarStyleDarkContent;
				INFOPLIST_KEY_UISupportedInterfaceOrientations = UIInterfaceOrientationPortrait;
				INFOPLIST_KEY_UISupportedInterfaceOrientations_iPad = "UIInterfaceOrientationLandscapeLeft UIInterfaceOrientationLandscapeRight UIInterfaceOrientationPortrait UIInterfaceOrientationPortraitUpsideDown";
				LD_RUNPATH_SEARCH_PATHS = (
					"$(inherited)",
					"@executable_path/Frameworks",
				);
				MARKETING_VERSION = 1.0;
				PRODUCT_BUNDLE_IDENTIFIER = spritelab.iGym;
				PRODUCT_NAME = "$(TARGET_NAME)";
				SUPPORTED_PLATFORMS = "iphoneos iphonesimulator";
				SUPPORTS_MACCATALYST = NO;
				SUPPORTS_MAC_DESIGNED_FOR_IPHONE_IPAD = NO;
				SWIFT_EMIT_LOC_STRINGS = YES;
				SWIFT_VERSION = 5.0;
				TARGETED_DEVICE_FAMILY = 1;
			};
			name = Release;
		};
		F944060329B7242000D60DDA /* Debug */ = {
			isa = XCBuildConfiguration;
			buildSettings = {
				ALWAYS_EMBED_SWIFT_STANDARD_LIBRARIES = YES;
				BUNDLE_LOADER = "$(TEST_HOST)";
				CODE_SIGN_STYLE = Automatic;
				CURRENT_PROJECT_VERSION = 1;
				GENERATE_INFOPLIST_FILE = YES;
				IPHONEOS_DEPLOYMENT_TARGET = 16.2;
				MARKETING_VERSION = 1.0;
				PRODUCT_BUNDLE_IDENTIFIER = spritelab.iGymTests;
				PRODUCT_NAME = "$(TARGET_NAME)";
				SWIFT_EMIT_LOC_STRINGS = NO;
				SWIFT_VERSION = 5.0;
				TARGETED_DEVICE_FAMILY = "1,2";
				TEST_HOST = "$(BUILT_PRODUCTS_DIR)/iGym.app/$(BUNDLE_EXECUTABLE_FOLDER_PATH)/iGym";
			};
			name = Debug;
		};
		F944060429B7242000D60DDA /* Release */ = {
			isa = XCBuildConfiguration;
			buildSettings = {
				ALWAYS_EMBED_SWIFT_STANDARD_LIBRARIES = YES;
				BUNDLE_LOADER = "$(TEST_HOST)";
				CODE_SIGN_STYLE = Automatic;
				CURRENT_PROJECT_VERSION = 1;
				GENERATE_INFOPLIST_FILE = YES;
				IPHONEOS_DEPLOYMENT_TARGET = 16.2;
				MARKETING_VERSION = 1.0;
				PRODUCT_BUNDLE_IDENTIFIER = spritelab.iGymTests;
				PRODUCT_NAME = "$(TARGET_NAME)";
				SWIFT_EMIT_LOC_STRINGS = NO;
				SWIFT_VERSION = 5.0;
				TARGETED_DEVICE_FAMILY = "1,2";
				TEST_HOST = "$(BUILT_PRODUCTS_DIR)/iGym.app/$(BUNDLE_EXECUTABLE_FOLDER_PATH)/iGym";
			};
			name = Release;
		};
		F944060629B7242000D60DDA /* Debug */ = {
			isa = XCBuildConfiguration;
			buildSettings = {
				ALWAYS_EMBED_SWIFT_STANDARD_LIBRARIES = YES;
				CODE_SIGN_STYLE = Automatic;
				CURRENT_PROJECT_VERSION = 1;
				GENERATE_INFOPLIST_FILE = YES;
				MARKETING_VERSION = 1.0;
				PRODUCT_BUNDLE_IDENTIFIER = spritelab.iGymUITests;
				PRODUCT_NAME = "$(TARGET_NAME)";
				SWIFT_EMIT_LOC_STRINGS = NO;
				SWIFT_VERSION = 5.0;
				TARGETED_DEVICE_FAMILY = "1,2";
				TEST_TARGET_NAME = iGym;
			};
			name = Debug;
		};
		F944060729B7242000D60DDA /* Release */ = {
			isa = XCBuildConfiguration;
			buildSettings = {
				ALWAYS_EMBED_SWIFT_STANDARD_LIBRARIES = YES;
				CODE_SIGN_STYLE = Automatic;
				CURRENT_PROJECT_VERSION = 1;
				GENERATE_INFOPLIST_FILE = YES;
				MARKETING_VERSION = 1.0;
				PRODUCT_BUNDLE_IDENTIFIER = spritelab.iGymUITests;
				PRODUCT_NAME = "$(TARGET_NAME)";
				SWIFT_EMIT_LOC_STRINGS = NO;
				SWIFT_VERSION = 5.0;
				TARGETED_DEVICE_FAMILY = "1,2";
				TEST_TARGET_NAME = iGym;
			};
			name = Release;
		};
/* End XCBuildConfiguration section */

/* Begin XCConfigurationList section */
		F94405D629B7241C00D60DDA /* Build configuration list for PBXProject "iGym" */ = {
			isa = XCConfigurationList;
			buildConfigurations = (
				F94405FD29B7242000D60DDA /* Debug */,
				F94405FE29B7242000D60DDA /* Release */,
			);
			defaultConfigurationIsVisible = 0;
			defaultConfigurationName = Release;
		};
		F94405FF29B7242000D60DDA /* Build configuration list for PBXNativeTarget "iGym" */ = {
			isa = XCConfigurationList;
			buildConfigurations = (
				F944060029B7242000D60DDA /* Debug */,
				F944060129B7242000D60DDA /* Release */,
			);
			defaultConfigurationIsVisible = 0;
			defaultConfigurationName = Release;
		};
		F944060229B7242000D60DDA /* Build configuration list for PBXNativeTarget "iGymTests" */ = {
			isa = XCConfigurationList;
			buildConfigurations = (
				F944060329B7242000D60DDA /* Debug */,
				F944060429B7242000D60DDA /* Release */,
			);
			defaultConfigurationIsVisible = 0;
			defaultConfigurationName = Release;
		};
		F944060529B7242000D60DDA /* Build configuration list for PBXNativeTarget "iGymUITests" */ = {
			isa = XCConfigurationList;
			buildConfigurations = (
				F944060629B7242000D60DDA /* Debug */,
				F944060729B7242000D60DDA /* Release */,
			);
			defaultConfigurationIsVisible = 0;
			defaultConfigurationName = Release;
		};
/* End XCConfigurationList section */

/* Begin XCRemoteSwiftPackageReference section */
		F93C7AA429BB755A006C393B /* XCRemoteSwiftPackageReference "NetworkPackage" */ = {
			isa = XCRemoteSwiftPackageReference;
			repositoryURL = "https://github.com/AntonioVirgone/NetworkPackage";
			requirement = {
				kind = upToNextMajorVersion;
				minimumVersion = 1.0.0;
			};
		};
		F93C7AA729BB77D0006C393B /* XCRemoteSwiftPackageReference "ColorPackage" */ = {
			isa = XCRemoteSwiftPackageReference;
			repositoryURL = "https://github.com/AntonioVirgone/ColorPackage";
			requirement = {
				kind = upToNextMajorVersion;
				minimumVersion = 1.0.0;
			};
		};
/* End XCRemoteSwiftPackageReference section */

/* Begin XCSwiftPackageProductDependency section */
		F93C7AA529BB755A006C393B /* NetworkPackage */ = {
			isa = XCSwiftPackageProductDependency;
			package = F93C7AA429BB755A006C393B /* XCRemoteSwiftPackageReference "NetworkPackage" */;
			productName = NetworkPackage;
		};
		F93C7AA829BB77D0006C393B /* ColorPackage */ = {
			isa = XCSwiftPackageProductDependency;
			package = F93C7AA729BB77D0006C393B /* XCRemoteSwiftPackageReference "ColorPackage" */;
			productName = ColorPackage;
		};
/* End XCSwiftPackageProductDependency section */

/* Begin XCVersionGroup section */
		F9DC3A6F29BF631000BB2AA3 /* GymModel.xcdatamodeld */ = {
			isa = XCVersionGroup;
			children = (
				F9DC3A7029BF631000BB2AA3 /* GymModel.xcdatamodel */,
			);
			currentVersion = F9DC3A7029BF631000BB2AA3 /* GymModel.xcdatamodel */;
			path = GymModel.xcdatamodeld;
			sourceTree = "<group>";
			versionGroupType = wrapper.xcdatamodel;
		};
/* End XCVersionGroup section */
	};
	rootObject = F94405D329B7241C00D60DDA /* Project object */;
}
